// !$*UTF8*$!
{
	archiveVersion = 1;
	classes = {
	};
	objectVersion = 56;
	objects = {

/* Begin PBXBuildFile section */
		15054AA529597B90005A134B /* AppDelegate.swift in Sources */ = {isa = PBXBuildFile; fileRef = 15054AA429597B90005A134B /* AppDelegate.swift */; };
		15054AA929597B90005A134B /* MainTabBarViewController.swift in Sources */ = {isa = PBXBuildFile; fileRef = 15054AA829597B90005A134B /* MainTabBarViewController.swift */; };
		15054AAC29597B90005A134B /* Main.storyboard in Resources */ = {isa = PBXBuildFile; fileRef = 15054AAA29597B90005A134B /* Main.storyboard */; };
		15054AAE29597B94005A134B /* Assets.xcassets in Resources */ = {isa = PBXBuildFile; fileRef = 15054AAD29597B94005A134B /* Assets.xcassets */; };
		15054AB129597B94005A134B /* LaunchScreen.storyboard in Resources */ = {isa = PBXBuildFile; fileRef = 15054AAF29597B94005A134B /* LaunchScreen.storyboard */; };
		15054ABC29597B94005A134B /* RXExampleTests.swift in Sources */ = {isa = PBXBuildFile; fileRef = 15054ABB29597B94005A134B /* RXExampleTests.swift */; };
		15054AC629597B94005A134B /* RXExampleUITests.swift in Sources */ = {isa = PBXBuildFile; fileRef = 15054AC529597B94005A134B /* RXExampleUITests.swift */; };
		15054AC829597B94005A134B /* RXExampleUITestsLaunchTests.swift in Sources */ = {isa = PBXBuildFile; fileRef = 15054AC729597B94005A134B /* RXExampleUITestsLaunchTests.swift */; };
		15235807295EE0BD00B94EE6 /* UIViewController+Extension.swift in Sources */ = {isa = PBXBuildFile; fileRef = 15235806295EE0BC00B94EE6 /* UIViewController+Extension.swift */; };
		152C9766295E800C00B0CBBC /* RMCharacterResponse.swift in Sources */ = {isa = PBXBuildFile; fileRef = 152C9765295E800C00B0CBBC /* RMCharacterResponse.swift */; };
		152C9769295EBE3900B0CBBC /* CharacterListViewModel.swift in Sources */ = {isa = PBXBuildFile; fileRef = 152C9768295EBE3900B0CBBC /* CharacterListViewModel.swift */; };
		152C976C295EBED300B0CBBC /* ViewModel.swift in Sources */ = {isa = PBXBuildFile; fileRef = 152C976B295EBED300B0CBBC /* ViewModel.swift */; };
		152C9770295EC9B500B0CBBC /* OtherCharacterTableCell.swift in Sources */ = {isa = PBXBuildFile; fileRef = 152C976E295EC9B500B0CBBC /* OtherCharacterTableCell.swift */; };
		152F7DF42ABD45D0003A1EF1 /* IMG_2345.PNG in Resources */ = {isa = PBXBuildFile; fileRef = 152F7DF22ABD45CF003A1EF1 /* IMG_2345.PNG */; };
		152F7DF52ABD45D0003A1EF1 /* IMG_2344.PNG in Resources */ = {isa = PBXBuildFile; fileRef = 152F7DF32ABD45D0003A1EF1 /* IMG_2344.PNG */; };
		153132E12A0398FD000E0D30 /* Methods.swift in Sources */ = {isa = PBXBuildFile; fileRef = 153132E02A0398FD000E0D30 /* Methods.swift */; };
		153132E32A03998F000E0D30 /* Date+Extension.swift in Sources */ = {isa = PBXBuildFile; fileRef = 153132E22A03998F000E0D30 /* Date+Extension.swift */; };
		153132E72A03A846000E0D30 /* RMEpisodeResponse.swift in Sources */ = {isa = PBXBuildFile; fileRef = 153132E62A03A846000E0D30 /* RMEpisodeResponse.swift */; };
		154C302929710BBE007A9A1B /* OtherCharacterTableCellViewModel.swift in Sources */ = {isa = PBXBuildFile; fileRef = 154C302829710BBE007A9A1B /* OtherCharacterTableCellViewModel.swift */; };
		156B47712A09E9E0004965B7 /* .gitignore in Resources */ = {isa = PBXBuildFile; fileRef = 156B47702A09E9E0004965B7 /* .gitignore */; };
		156F4BA72988C6AA00769D8E /* CharacterDetailViewController.swift in Sources */ = {isa = PBXBuildFile; fileRef = 156F4BA62988C6AA00769D8E /* CharacterDetailViewController.swift */; };
		156F4BA92988C80900769D8E /* CharacterDetailViewModel.swift in Sources */ = {isa = PBXBuildFile; fileRef = 156F4BA82988C80900769D8E /* CharacterDetailViewModel.swift */; };
		158ADCFF295A8D7700F1C811 /* Character.swift in Sources */ = {isa = PBXBuildFile; fileRef = 158ADCFE295A8D7700F1C811 /* Character.swift */; };
		158ADD02295AC15A00F1C811 /* CharacterListViewController.swift in Sources */ = {isa = PBXBuildFile; fileRef = 158ADD01295AC15A00F1C811 /* CharacterListViewController.swift */; };
		158ADD04295AC16B00F1C811 /* LocationViewController.swift in Sources */ = {isa = PBXBuildFile; fileRef = 158ADD03295AC16B00F1C811 /* LocationViewController.swift */; };
		158ADD06295AC18A00F1C811 /* EpisodesViewController.swift in Sources */ = {isa = PBXBuildFile; fileRef = 158ADD05295AC18A00F1C811 /* EpisodesViewController.swift */; };
		158ADD08295AC1A600F1C811 /* SettingsViewController.swift in Sources */ = {isa = PBXBuildFile; fileRef = 158ADD07295AC1A600F1C811 /* SettingsViewController.swift */; };
		158ADD0A295ACD2400F1C811 /* BaseViewController.swift in Sources */ = {isa = PBXBuildFile; fileRef = 158ADD09295ACD2400F1C811 /* BaseViewController.swift */; };
		158ADD0D295AD1A200F1C811 /* Colors+Extension.swift in Sources */ = {isa = PBXBuildFile; fileRef = 158ADD0C295AD1A200F1C811 /* Colors+Extension.swift */; };
		158ADD0F295AD78B00F1C811 /* MainNavigationController.swift in Sources */ = {isa = PBXBuildFile; fileRef = 158ADD0E295AD78B00F1C811 /* MainNavigationController.swift */; };
		1594621E2D40E561002940AD /* CharacterListCollectionFlowLayout.swift in Sources */ = {isa = PBXBuildFile; fileRef = 1594621D2D40E54E002940AD /* CharacterListCollectionFlowLayout.swift */; };
		159462212D40EC96002940AD /* AliveCharacterCollectionCell.swift in Sources */ = {isa = PBXBuildFile; fileRef = 159462202D40EC94002940AD /* AliveCharacterCollectionCell.swift */; };
		15A5D372295BCD3100CC5A12 /* APIManager.swift in Sources */ = {isa = PBXBuildFile; fileRef = 15A5D371295BCD3100CC5A12 /* APIManager.swift */; };
		15A5D374295BD3EE00CC5A12 /* EndPointType.swift in Sources */ = {isa = PBXBuildFile; fileRef = 15A5D373295BD3EE00CC5A12 /* EndPointType.swift */; };
		15A5D376295C1F8400CC5A12 /* APIRequest.swift in Sources */ = {isa = PBXBuildFile; fileRef = 15A5D375295C1F8400CC5A12 /* APIRequest.swift */; };
		15A5D378295C264E00CC5A12 /* ErrorType.swift in Sources */ = {isa = PBXBuildFile; fileRef = 15A5D377295C264E00CC5A12 /* ErrorType.swift */; };
		15E0B8AE2D4284240093CCE6 /* AliveCharacterCollectionCellViewModel.swift in Sources */ = {isa = PBXBuildFile; fileRef = 15E0B8AD2D4284140093CCE6 /* AliveCharacterCollectionCellViewModel.swift */; };
		15EA7FCC2963D8E4009FD67E /* Observable+Extension.swift in Sources */ = {isa = PBXBuildFile; fileRef = 15EA7FCB2963D8E4009FD67E /* Observable+Extension.swift */; };
		15EAF4312D432A1900BDD74F /* CircleImageView.swift in Sources */ = {isa = PBXBuildFile; fileRef = 15EAF4302D432A0E00BDD74F /* CircleImageView.swift */; };
		15EAF4332D433ACF00BDD74F /* UITableViewCell+Animation.swift in Sources */ = {isa = PBXBuildFile; fileRef = 15EAF4322D433AB600BDD74F /* UITableViewCell+Animation.swift */; };
		15EAF4352D433BFB00BDD74F /* UICollectionViewCell+Animation.swift in Sources */ = {isa = PBXBuildFile; fileRef = 15EAF4342D433BED00BDD74F /* UICollectionViewCell+Animation.swift */; };
		15EAF4372D436E9D00BDD74F /* String+Extension.swift in Sources */ = {isa = PBXBuildFile; fileRef = 15EAF4362D436E9600BDD74F /* String+Extension.swift */; };
		15EAF4392D4374B900BDD74F /* TypeCardView.swift in Sources */ = {isa = PBXBuildFile; fileRef = 15EAF4382D4374AC00BDD74F /* TypeCardView.swift */; };
		15F0D4472D43BFE300538C62 /* CharacterFilterViewController.swift in Sources */ = {isa = PBXBuildFile; fileRef = 15F0D4462D43BFDE00538C62 /* CharacterFilterViewController.swift */; };
		15F0D4492D43C1E700538C62 /* TagCollectionCell.swift in Sources */ = {isa = PBXBuildFile; fileRef = 15F0D4482D43C1DC00538C62 /* TagCollectionCell.swift */; };
		15F0D44B2D43C27C00538C62 /* TagCollectionCellViewModel.swift in Sources */ = {isa = PBXBuildFile; fileRef = 15F0D44A2D43C27100538C62 /* TagCollectionCellViewModel.swift */; };
		15F0D44D2D43C58300538C62 /* TypeTag.swift in Sources */ = {isa = PBXBuildFile; fileRef = 15F0D44C2D43C54D00538C62 /* TypeTag.swift */; };
		15F9324C298903A2006498DC /* CharacterInfo.swift in Sources */ = {isa = PBXBuildFile; fileRef = 15F9324B298903A2006498DC /* CharacterInfo.swift */; };
		20DAE575F34F208C8752B70E /* Pods_RXExample.framework in Frameworks */ = {isa = PBXBuildFile; fileRef = BC280B2B89E6B66CAC882FF4 /* Pods_RXExample.framework */; };
		98F7DC24E3990222B45FF890 /* Pods_RXExampleTests.framework in Frameworks */ = {isa = PBXBuildFile; fileRef = 92E80AD1712D5D827DF3D42E /* Pods_RXExampleTests.framework */; };
		B2583E80D4E27B64325F06B8 /* Pods_RXExample_RXExampleUITests.framework in Frameworks */ = {isa = PBXBuildFile; fileRef = 74ADAFE3A8A97A6F8A7862D0 /* Pods_RXExample_RXExampleUITests.framework */; };
/* End PBXBuildFile section */

/* Begin PBXContainerItemProxy section */
		15054AB829597B94005A134B /* PBXContainerItemProxy */ = {
			isa = PBXContainerItemProxy;
			containerPortal = 15054A9929597B90005A134B /* Project object */;
			proxyType = 1;
			remoteGlobalIDString = 15054AA029597B90005A134B;
			remoteInfo = RXExample;
		};
		15054AC229597B94005A134B /* PBXContainerItemProxy */ = {
			isa = PBXContainerItemProxy;
			containerPortal = 15054A9929597B90005A134B /* Project object */;
			proxyType = 1;
			remoteGlobalIDString = 15054AA029597B90005A134B;
			remoteInfo = RXExample;
		};
/* End PBXContainerItemProxy section */

/* Begin PBXFileReference section */
		15054AA129597B90005A134B /* RXExample.app */ = {isa = PBXFileReference; explicitFileType = wrapper.application; includeInIndex = 0; path = RXExample.app; sourceTree = BUILT_PRODUCTS_DIR; };
		15054AA429597B90005A134B /* AppDelegate.swift */ = {isa = PBXFileReference; lastKnownFileType = sourcecode.swift; path = AppDelegate.swift; sourceTree = "<group>"; };
		15054AA829597B90005A134B /* MainTabBarViewController.swift */ = {isa = PBXFileReference; lastKnownFileType = sourcecode.swift; path = MainTabBarViewController.swift; sourceTree = "<group>"; };
		15054AAB29597B90005A134B /* Base */ = {isa = PBXFileReference; lastKnownFileType = file.storyboard; name = Base; path = Base.lproj/Main.storyboard; sourceTree = "<group>"; };
		15054AAD29597B94005A134B /* Assets.xcassets */ = {isa = PBXFileReference; lastKnownFileType = folder.assetcatalog; path = Assets.xcassets; sourceTree = "<group>"; };
		15054AB029597B94005A134B /* Base */ = {isa = PBXFileReference; lastKnownFileType = file.storyboard; name = Base; path = Base.lproj/LaunchScreen.storyboard; sourceTree = "<group>"; };
		15054AB229597B94005A134B /* Info.plist */ = {isa = PBXFileReference; lastKnownFileType = text.plist.xml; path = Info.plist; sourceTree = "<group>"; };
		15054AB729597B94005A134B /* RXExampleTests.xctest */ = {isa = PBXFileReference; explicitFileType = wrapper.cfbundle; includeInIndex = 0; path = RXExampleTests.xctest; sourceTree = BUILT_PRODUCTS_DIR; };
		15054ABB29597B94005A134B /* RXExampleTests.swift */ = {isa = PBXFileReference; lastKnownFileType = sourcecode.swift; path = RXExampleTests.swift; sourceTree = "<group>"; };
		15054AC129597B94005A134B /* RXExampleUITests.xctest */ = {isa = PBXFileReference; explicitFileType = wrapper.cfbundle; includeInIndex = 0; path = RXExampleUITests.xctest; sourceTree = BUILT_PRODUCTS_DIR; };
		15054AC529597B94005A134B /* RXExampleUITests.swift */ = {isa = PBXFileReference; lastKnownFileType = sourcecode.swift; path = RXExampleUITests.swift; sourceTree = "<group>"; };
		15054AC729597B94005A134B /* RXExampleUITestsLaunchTests.swift */ = {isa = PBXFileReference; lastKnownFileType = sourcecode.swift; path = RXExampleUITestsLaunchTests.swift; sourceTree = "<group>"; };
		15235806295EE0BC00B94EE6 /* UIViewController+Extension.swift */ = {isa = PBXFileReference; lastKnownFileType = sourcecode.swift; path = "UIViewController+Extension.swift"; sourceTree = "<group>"; };
		152C9765295E800C00B0CBBC /* RMCharacterResponse.swift */ = {isa = PBXFileReference; lastKnownFileType = sourcecode.swift; path = RMCharacterResponse.swift; sourceTree = "<group>"; };
		152C9768295EBE3900B0CBBC /* CharacterListViewModel.swift */ = {isa = PBXFileReference; lastKnownFileType = sourcecode.swift; path = CharacterListViewModel.swift; sourceTree = "<group>"; };
		152C976B295EBED300B0CBBC /* ViewModel.swift */ = {isa = PBXFileReference; lastKnownFileType = sourcecode.swift; path = ViewModel.swift; sourceTree = "<group>"; };
		152C976E295EC9B500B0CBBC /* OtherCharacterTableCell.swift */ = {isa = PBXFileReference; lastKnownFileType = sourcecode.swift; path = OtherCharacterTableCell.swift; sourceTree = "<group>"; };
		152F7DF22ABD45CF003A1EF1 /* IMG_2345.PNG */ = {isa = PBXFileReference; lastKnownFileType = image.png; path = IMG_2345.PNG; sourceTree = "<group>"; };
		152F7DF32ABD45D0003A1EF1 /* IMG_2344.PNG */ = {isa = PBXFileReference; lastKnownFileType = image.png; path = IMG_2344.PNG; sourceTree = "<group>"; };
		153132E02A0398FD000E0D30 /* Methods.swift */ = {isa = PBXFileReference; lastKnownFileType = sourcecode.swift; path = Methods.swift; sourceTree = "<group>"; };
		153132E22A03998F000E0D30 /* Date+Extension.swift */ = {isa = PBXFileReference; lastKnownFileType = sourcecode.swift; path = "Date+Extension.swift"; sourceTree = "<group>"; };
		153132E62A03A846000E0D30 /* RMEpisodeResponse.swift */ = {isa = PBXFileReference; lastKnownFileType = sourcecode.swift; path = RMEpisodeResponse.swift; sourceTree = "<group>"; };
		154C302829710BBE007A9A1B /* OtherCharacterTableCellViewModel.swift */ = {isa = PBXFileReference; lastKnownFileType = sourcecode.swift; path = OtherCharacterTableCellViewModel.swift; sourceTree = "<group>"; };
		156B47702A09E9E0004965B7 /* .gitignore */ = {isa = PBXFileReference; fileEncoding = 4; lastKnownFileType = text; path = .gitignore; sourceTree = "<group>"; };
		156F4BA62988C6AA00769D8E /* CharacterDetailViewController.swift */ = {isa = PBXFileReference; lastKnownFileType = sourcecode.swift; path = CharacterDetailViewController.swift; sourceTree = "<group>"; };
		156F4BA82988C80900769D8E /* CharacterDetailViewModel.swift */ = {isa = PBXFileReference; lastKnownFileType = sourcecode.swift; path = CharacterDetailViewModel.swift; sourceTree = "<group>"; };
		158ADCFE295A8D7700F1C811 /* Character.swift */ = {isa = PBXFileReference; lastKnownFileType = sourcecode.swift; path = Character.swift; sourceTree = "<group>"; };
		158ADD01295AC15A00F1C811 /* CharacterListViewController.swift */ = {isa = PBXFileReference; lastKnownFileType = sourcecode.swift; path = CharacterListViewController.swift; sourceTree = "<group>"; };
		158ADD03295AC16B00F1C811 /* LocationViewController.swift */ = {isa = PBXFileReference; lastKnownFileType = sourcecode.swift; path = LocationViewController.swift; sourceTree = "<group>"; };
		158ADD05295AC18A00F1C811 /* EpisodesViewController.swift */ = {isa = PBXFileReference; lastKnownFileType = sourcecode.swift; path = EpisodesViewController.swift; sourceTree = "<group>"; };
		158ADD07295AC1A600F1C811 /* SettingsViewController.swift */ = {isa = PBXFileReference; lastKnownFileType = sourcecode.swift; path = SettingsViewController.swift; sourceTree = "<group>"; };
		158ADD09295ACD2400F1C811 /* BaseViewController.swift */ = {isa = PBXFileReference; lastKnownFileType = sourcecode.swift; path = BaseViewController.swift; sourceTree = "<group>"; };
		158ADD0C295AD1A200F1C811 /* Colors+Extension.swift */ = {isa = PBXFileReference; lastKnownFileType = sourcecode.swift; path = "Colors+Extension.swift"; sourceTree = "<group>"; };
		158ADD0E295AD78B00F1C811 /* MainNavigationController.swift */ = {isa = PBXFileReference; lastKnownFileType = sourcecode.swift; path = MainNavigationController.swift; sourceTree = "<group>"; };
		1594621D2D40E54E002940AD /* CharacterListCollectionFlowLayout.swift */ = {isa = PBXFileReference; lastKnownFileType = sourcecode.swift; path = CharacterListCollectionFlowLayout.swift; sourceTree = "<group>"; };
		159462202D40EC94002940AD /* AliveCharacterCollectionCell.swift */ = {isa = PBXFileReference; lastKnownFileType = sourcecode.swift; path = AliveCharacterCollectionCell.swift; sourceTree = "<group>"; };
		15A5D371295BCD3100CC5A12 /* APIManager.swift */ = {isa = PBXFileReference; lastKnownFileType = sourcecode.swift; path = APIManager.swift; sourceTree = "<group>"; };
		15A5D373295BD3EE00CC5A12 /* EndPointType.swift */ = {isa = PBXFileReference; lastKnownFileType = sourcecode.swift; path = EndPointType.swift; sourceTree = "<group>"; };
		15A5D375295C1F8400CC5A12 /* APIRequest.swift */ = {isa = PBXFileReference; lastKnownFileType = sourcecode.swift; path = APIRequest.swift; sourceTree = "<group>"; };
		15A5D377295C264E00CC5A12 /* ErrorType.swift */ = {isa = PBXFileReference; lastKnownFileType = sourcecode.swift; path = ErrorType.swift; sourceTree = "<group>"; };
		15E0B8AD2D4284140093CCE6 /* AliveCharacterCollectionCellViewModel.swift */ = {isa = PBXFileReference; lastKnownFileType = sourcecode.swift; path = AliveCharacterCollectionCellViewModel.swift; sourceTree = "<group>"; };
		15EA7FCB2963D8E4009FD67E /* Observable+Extension.swift */ = {isa = PBXFileReference; lastKnownFileType = sourcecode.swift; path = "Observable+Extension.swift"; sourceTree = "<group>"; };
		15EAF4302D432A0E00BDD74F /* CircleImageView.swift */ = {isa = PBXFileReference; lastKnownFileType = sourcecode.swift; path = CircleImageView.swift; sourceTree = "<group>"; };
		15EAF4322D433AB600BDD74F /* UITableViewCell+Animation.swift */ = {isa = PBXFileReference; lastKnownFileType = sourcecode.swift; path = "UITableViewCell+Animation.swift"; sourceTree = "<group>"; };
		15EAF4342D433BED00BDD74F /* UICollectionViewCell+Animation.swift */ = {isa = PBXFileReference; lastKnownFileType = sourcecode.swift; path = "UICollectionViewCell+Animation.swift"; sourceTree = "<group>"; };
		15EAF4362D436E9600BDD74F /* String+Extension.swift */ = {isa = PBXFileReference; lastKnownFileType = sourcecode.swift; path = "String+Extension.swift"; sourceTree = "<group>"; };
		15EAF4382D4374AC00BDD74F /* TypeCardView.swift */ = {isa = PBXFileReference; lastKnownFileType = sourcecode.swift; path = TypeCardView.swift; sourceTree = "<group>"; };
		15F0D4462D43BFDE00538C62 /* CharacterFilterViewController.swift */ = {isa = PBXFileReference; lastKnownFileType = sourcecode.swift; path = CharacterFilterViewController.swift; sourceTree = "<group>"; };
		15F0D4482D43C1DC00538C62 /* TagCollectionCell.swift */ = {isa = PBXFileReference; lastKnownFileType = sourcecode.swift; path = TagCollectionCell.swift; sourceTree = "<group>"; };
		15F0D44A2D43C27100538C62 /* TagCollectionCellViewModel.swift */ = {isa = PBXFileReference; lastKnownFileType = sourcecode.swift; path = TagCollectionCellViewModel.swift; sourceTree = "<group>"; };
		15F0D44C2D43C54D00538C62 /* TypeTag.swift */ = {isa = PBXFileReference; lastKnownFileType = sourcecode.swift; path = TypeTag.swift; sourceTree = "<group>"; };
		15F9324B298903A2006498DC /* CharacterInfo.swift */ = {isa = PBXFileReference; lastKnownFileType = sourcecode.swift; path = CharacterInfo.swift; sourceTree = "<group>"; };
		2E5584F8817D4E89BF114DCC /* Pods-RXExampleTests.release.xcconfig */ = {isa = PBXFileReference; includeInIndex = 1; lastKnownFileType = text.xcconfig; name = "Pods-RXExampleTests.release.xcconfig"; path = "Target Support Files/Pods-RXExampleTests/Pods-RXExampleTests.release.xcconfig"; sourceTree = "<group>"; };
		4764EF6AF359B950980AB03B /* Pods-RXExample-RXExampleUITests.debug.xcconfig */ = {isa = PBXFileReference; includeInIndex = 1; lastKnownFileType = text.xcconfig; name = "Pods-RXExample-RXExampleUITests.debug.xcconfig"; path = "Target Support Files/Pods-RXExample-RXExampleUITests/Pods-RXExample-RXExampleUITests.debug.xcconfig"; sourceTree = "<group>"; };
		6F240DD527A1271827C7884E /* Pods-RXExample.debug.xcconfig */ = {isa = PBXFileReference; includeInIndex = 1; lastKnownFileType = text.xcconfig; name = "Pods-RXExample.debug.xcconfig"; path = "Target Support Files/Pods-RXExample/Pods-RXExample.debug.xcconfig"; sourceTree = "<group>"; };
		74ADAFE3A8A97A6F8A7862D0 /* Pods_RXExample_RXExampleUITests.framework */ = {isa = PBXFileReference; explicitFileType = wrapper.framework; includeInIndex = 0; path = Pods_RXExample_RXExampleUITests.framework; sourceTree = BUILT_PRODUCTS_DIR; };
		7905C4006A75D56B14FB7586 /* Pods-RXExample.release.xcconfig */ = {isa = PBXFileReference; includeInIndex = 1; lastKnownFileType = text.xcconfig; name = "Pods-RXExample.release.xcconfig"; path = "Target Support Files/Pods-RXExample/Pods-RXExample.release.xcconfig"; sourceTree = "<group>"; };
		8A0A5BEA00A20C6A9C68B33E /* Pods-RXExampleTests.debug.xcconfig */ = {isa = PBXFileReference; includeInIndex = 1; lastKnownFileType = text.xcconfig; name = "Pods-RXExampleTests.debug.xcconfig"; path = "Target Support Files/Pods-RXExampleTests/Pods-RXExampleTests.debug.xcconfig"; sourceTree = "<group>"; };
		92E80AD1712D5D827DF3D42E /* Pods_RXExampleTests.framework */ = {isa = PBXFileReference; explicitFileType = wrapper.framework; includeInIndex = 0; path = Pods_RXExampleTests.framework; sourceTree = BUILT_PRODUCTS_DIR; };
		BC280B2B89E6B66CAC882FF4 /* Pods_RXExample.framework */ = {isa = PBXFileReference; explicitFileType = wrapper.framework; includeInIndex = 0; path = Pods_RXExample.framework; sourceTree = BUILT_PRODUCTS_DIR; };
		E0345054353996CE8E1F851B /* Pods-RXExample-RXExampleUITests.release.xcconfig */ = {isa = PBXFileReference; includeInIndex = 1; lastKnownFileType = text.xcconfig; name = "Pods-RXExample-RXExampleUITests.release.xcconfig"; path = "Target Support Files/Pods-RXExample-RXExampleUITests/Pods-RXExample-RXExampleUITests.release.xcconfig"; sourceTree = "<group>"; };
/* End PBXFileReference section */

/* Begin PBXFrameworksBuildPhase section */
		15054A9E29597B90005A134B /* Frameworks */ = {
			isa = PBXFrameworksBuildPhase;
			buildActionMask = 2147483647;
			files = (
				20DAE575F34F208C8752B70E /* Pods_RXExample.framework in Frameworks */,
			);
			runOnlyForDeploymentPostprocessing = 0;
		};
		15054AB429597B94005A134B /* Frameworks */ = {
			isa = PBXFrameworksBuildPhase;
			buildActionMask = 2147483647;
			files = (
				98F7DC24E3990222B45FF890 /* Pods_RXExampleTests.framework in Frameworks */,
			);
			runOnlyForDeploymentPostprocessing = 0;
		};
		15054ABE29597B94005A134B /* Frameworks */ = {
			isa = PBXFrameworksBuildPhase;
			buildActionMask = 2147483647;
			files = (
				B2583E80D4E27B64325F06B8 /* Pods_RXExample_RXExampleUITests.framework in Frameworks */,
			);
			runOnlyForDeploymentPostprocessing = 0;
		};
/* End PBXFrameworksBuildPhase section */

/* Begin PBXGroup section */
		15054A9829597B90005A134B = {
			isa = PBXGroup;
			children = (
				152F7DF12ABD45AC003A1EF1 /* result */,
				156B47702A09E9E0004965B7 /* .gitignore */,
				15054AA329597B90005A134B /* RXExample */,
				15054ABA29597B94005A134B /* RXExampleTests */,
				15054AC429597B94005A134B /* RXExampleUITests */,
				15054AA229597B90005A134B /* Products */,
				EE6069051BB1A93E2917C49F /* Pods */,
				D6DACF3B85B502CE949252F3 /* Frameworks */,
			);
			sourceTree = "<group>";
		};
		15054AA229597B90005A134B /* Products */ = {
			isa = PBXGroup;
			children = (
				15054AA129597B90005A134B /* RXExample.app */,
				15054AB729597B94005A134B /* RXExampleTests.xctest */,
				15054AC129597B94005A134B /* RXExampleUITests.xctest */,
			);
			name = Products;
			sourceTree = "<group>";
		};
		15054AA329597B90005A134B /* RXExample */ = {
			isa = PBXGroup;
			children = (
				159462152D40D9FC002940AD /* Module */,
				153132DF2A0398EC000E0D30 /* Utils */,
				152C976D295EC99200B0CBBC /* Views */,
				152C976A295EBEC300B0CBBC /* Protocols */,
				15A5D370295BCD1E00CC5A12 /* Managers */,
				158ADD0B295AD18500F1C811 /* Extentions */,
				15054AA429597B90005A134B /* AppDelegate.swift */,
				15054AAA29597B90005A134B /* Main.storyboard */,
				15054AAD29597B94005A134B /* Assets.xcassets */,
				15054AAF29597B94005A134B /* LaunchScreen.storyboard */,
				15054AB229597B94005A134B /* Info.plist */,
			);
			path = RXExample;
			sourceTree = "<group>";
		};
		15054ABA29597B94005A134B /* RXExampleTests */ = {
			isa = PBXGroup;
			children = (
				15054ABB29597B94005A134B /* RXExampleTests.swift */,
			);
			path = RXExampleTests;
			sourceTree = "<group>";
		};
		15054AC429597B94005A134B /* RXExampleUITests */ = {
			isa = PBXGroup;
			children = (
				15054AC529597B94005A134B /* RXExampleUITests.swift */,
				15054AC729597B94005A134B /* RXExampleUITestsLaunchTests.swift */,
			);
			path = RXExampleUITests;
			sourceTree = "<group>";
		};
		152C9764295E7FF500B0CBBC /* Parsing */ = {
			isa = PBXGroup;
			children = (
				152C9765295E800C00B0CBBC /* RMCharacterResponse.swift */,
				153132E62A03A846000E0D30 /* RMEpisodeResponse.swift */,
			);
			path = Parsing;
			sourceTree = "<group>";
		};
		152C976A295EBEC300B0CBBC /* Protocols */ = {
			isa = PBXGroup;
			children = (
				152C976B295EBED300B0CBBC /* ViewModel.swift */,
			);
			path = Protocols;
			sourceTree = "<group>";
		};
		152C976D295EC99200B0CBBC /* Views */ = {
			isa = PBXGroup;
			children = (
				15EAF4382D4374AC00BDD74F /* TypeCardView.swift */,
				1594621D2D40E54E002940AD /* CharacterListCollectionFlowLayout.swift */,
				15EAF4302D432A0E00BDD74F /* CircleImageView.swift */,
			);
			path = Views;
			sourceTree = "<group>";
		};
		152F7DF12ABD45AC003A1EF1 /* result */ = {
			isa = PBXGroup;
			children = (
				152F7DF32ABD45D0003A1EF1 /* IMG_2344.PNG */,
				152F7DF22ABD45CF003A1EF1 /* IMG_2345.PNG */,
			);
			path = result;
			sourceTree = "<group>";
		};
		153132DF2A0398EC000E0D30 /* Utils */ = {
			isa = PBXGroup;
			children = (
				153132E02A0398FD000E0D30 /* Methods.swift */,
			);
			path = Utils;
			sourceTree = "<group>";
		};
		158ADCFD295A8D6C00F1C811 /* Model */ = {
			isa = PBXGroup;
			children = (
				152C9764295E7FF500B0CBBC /* Parsing */,
				15A5D377295C264E00CC5A12 /* ErrorType.swift */,
			);
			path = Model;
			sourceTree = "<group>";
		};
		158ADD0B295AD18500F1C811 /* Extentions */ = {
			isa = PBXGroup;
			children = (
				15EAF4362D436E9600BDD74F /* String+Extension.swift */,
				15EAF4342D433BED00BDD74F /* UICollectionViewCell+Animation.swift */,
				15EAF4322D433AB600BDD74F /* UITableViewCell+Animation.swift */,
				158ADD0C295AD1A200F1C811 /* Colors+Extension.swift */,
				15235806295EE0BC00B94EE6 /* UIViewController+Extension.swift */,
				15EA7FCB2963D8E4009FD67E /* Observable+Extension.swift */,
				153132E22A03998F000E0D30 /* Date+Extension.swift */,
			);
			path = Extentions;
			sourceTree = "<group>";
		};
		159462152D40D9FC002940AD /* Module */ = {
			isa = PBXGroup;
			children = (
				15E0B8AC2D4266160093CCE6 /* Model */,
				159462162D40DA20002940AD /* Characters */,
				1594621B2D40DBDD002940AD /* CharacterDetail */,
				15F0D4432D43BFB900538C62 /* CharacterFilter */,
				1594621A2D40DB89002940AD /* Settings */,
				159462192D40DB82002940AD /* Episodes */,
				159462182D40DB79002940AD /* Locations */,
				159462172D40DA51002940AD /* Main */,
			);
			path = Module;
			sourceTree = "<group>";
		};
		159462162D40DA20002940AD /* Characters */ = {
			isa = PBXGroup;
			children = (
				15E0B8AB2D4266110093CCE6 /* ViewModel */,
				15E0B8AA2D42660B0093CCE6 /* View */,
			);
			path = Characters;
			sourceTree = "<group>";
		};
		159462172D40DA51002940AD /* Main */ = {
			isa = PBXGroup;
			children = (
				15054AA829597B90005A134B /* MainTabBarViewController.swift */,
				158ADD09295ACD2400F1C811 /* BaseViewController.swift */,
				158ADD0E295AD78B00F1C811 /* MainNavigationController.swift */,
			);
			path = Main;
			sourceTree = "<group>";
		};
		159462182D40DB79002940AD /* Locations */ = {
			isa = PBXGroup;
			children = (
				158ADD03295AC16B00F1C811 /* LocationViewController.swift */,
			);
			path = Locations;
			sourceTree = "<group>";
		};
		159462192D40DB82002940AD /* Episodes */ = {
			isa = PBXGroup;
			children = (
				158ADD05295AC18A00F1C811 /* EpisodesViewController.swift */,
			);
			path = Episodes;
			sourceTree = "<group>";
		};
		1594621A2D40DB89002940AD /* Settings */ = {
			isa = PBXGroup;
			children = (
				158ADD07295AC1A600F1C811 /* SettingsViewController.swift */,
			);
			path = Settings;
			sourceTree = "<group>";
		};
		1594621B2D40DBDD002940AD /* CharacterDetail */ = {
			isa = PBXGroup;
			children = (
				15EAF43B2D437E7A00BDD74F /* ViewModel */,
				15EAF43A2D437E6F00BDD74F /* View */,
			);
			path = CharacterDetail;
			sourceTree = "<group>";
		};
		15A5D370295BCD1E00CC5A12 /* Managers */ = {
			isa = PBXGroup;
			children = (
				15EAF43C2D437F6A00BDD74F /* API */,
			);
			path = Managers;
			sourceTree = "<group>";
		};
		15E0B8AA2D42660B0093CCE6 /* View */ = {
			isa = PBXGroup;
			children = (
				159462202D40EC94002940AD /* AliveCharacterCollectionCell.swift */,
				152C976E295EC9B500B0CBBC /* OtherCharacterTableCell.swift */,
				158ADD01295AC15A00F1C811 /* CharacterListViewController.swift */,
			);
			path = View;
			sourceTree = "<group>";
		};
		15E0B8AB2D4266110093CCE6 /* ViewModel */ = {
			isa = PBXGroup;
			children = (
				15E0B8AD2D4284140093CCE6 /* AliveCharacterCollectionCellViewModel.swift */,
				152C9768295EBE3900B0CBBC /* CharacterListViewModel.swift */,
				154C302829710BBE007A9A1B /* OtherCharacterTableCellViewModel.swift */,
			);
			path = ViewModel;
			sourceTree = "<group>";
		};
		15E0B8AC2D4266160093CCE6 /* Model */ = {
			isa = PBXGroup;
			children = (
				15F0D44C2D43C54D00538C62 /* TypeTag.swift */,
				158ADCFE295A8D7700F1C811 /* Character.swift */,
				15F9324B298903A2006498DC /* CharacterInfo.swift */,
			);
			path = Model;
			sourceTree = "<group>";
		};
		15EAF43A2D437E6F00BDD74F /* View */ = {
			isa = PBXGroup;
			children = (
				156F4BA62988C6AA00769D8E /* CharacterDetailViewController.swift */,
			);
			path = View;
			sourceTree = "<group>";
		};
		15EAF43B2D437E7A00BDD74F /* ViewModel */ = {
			isa = PBXGroup;
			children = (
				156F4BA82988C80900769D8E /* CharacterDetailViewModel.swift */,
			);
			path = ViewModel;
			sourceTree = "<group>";
		};
		15EAF43C2D437F6A00BDD74F /* API */ = {
			isa = PBXGroup;
			children = (
				15A5D371295BCD3100CC5A12 /* APIManager.swift */,
				15A5D373295BD3EE00CC5A12 /* EndPointType.swift */,
				15A5D375295C1F8400CC5A12 /* APIRequest.swift */,
				158ADCFD295A8D6C00F1C811 /* Model */,
			);
			path = API;
			sourceTree = "<group>";
		};
		15F0D4432D43BFB900538C62 /* CharacterFilter */ = {
			isa = PBXGroup;
			children = (
				15F0D4452D43BFD700538C62 /* View */,
				15F0D4442D43BFD100538C62 /* ViewModel */,
			);
			path = CharacterFilter;
			sourceTree = "<group>";
		};
		15F0D4442D43BFD100538C62 /* ViewModel */ = {
			isa = PBXGroup;
			children = (
				15F0D44A2D43C27100538C62 /* TagCollectionCellViewModel.swift */,
			);
			path = ViewModel;
			sourceTree = "<group>";
		};
		15F0D4452D43BFD700538C62 /* View */ = {
			isa = PBXGroup;
			children = (
				15F0D4482D43C1DC00538C62 /* TagCollectionCell.swift */,
				15F0D4462D43BFDE00538C62 /* CharacterFilterViewController.swift */,
			);
			path = View;
			sourceTree = "<group>";
		};
		D6DACF3B85B502CE949252F3 /* Frameworks */ = {
			isa = PBXGroup;
			children = (
				BC280B2B89E6B66CAC882FF4 /* Pods_RXExample.framework */,
				74ADAFE3A8A97A6F8A7862D0 /* Pods_RXExample_RXExampleUITests.framework */,
				92E80AD1712D5D827DF3D42E /* Pods_RXExampleTests.framework */,
			);
			name = Frameworks;
			sourceTree = "<group>";
		};
		EE6069051BB1A93E2917C49F /* Pods */ = {
			isa = PBXGroup;
			children = (
				6F240DD527A1271827C7884E /* Pods-RXExample.debug.xcconfig */,
				7905C4006A75D56B14FB7586 /* Pods-RXExample.release.xcconfig */,
				4764EF6AF359B950980AB03B /* Pods-RXExample-RXExampleUITests.debug.xcconfig */,
				E0345054353996CE8E1F851B /* Pods-RXExample-RXExampleUITests.release.xcconfig */,
				8A0A5BEA00A20C6A9C68B33E /* Pods-RXExampleTests.debug.xcconfig */,
				2E5584F8817D4E89BF114DCC /* Pods-RXExampleTests.release.xcconfig */,
			);
			path = Pods;
			sourceTree = "<group>";
		};
/* End PBXGroup section */

/* Begin PBXNativeTarget section */
		15054AA029597B90005A134B /* RXExample */ = {
			isa = PBXNativeTarget;
			buildConfigurationList = 15054ACB29597B94005A134B /* Build configuration list for PBXNativeTarget "RXExample" */;
			buildPhases = (
				24FF452F3B7B36607640C98B /* [CP] Check Pods Manifest.lock */,
				15054A9D29597B90005A134B /* Sources */,
				15054A9E29597B90005A134B /* Frameworks */,
				15054A9F29597B90005A134B /* Resources */,
				6B89EBC6E75B1578DB5B30B9 /* [CP] Embed Pods Frameworks */,
			);
			buildRules = (
			);
			dependencies = (
			);
			name = RXExample;
			productName = RXExample;
			productReference = 15054AA129597B90005A134B /* RXExample.app */;
			productType = "com.apple.product-type.application";
		};
		15054AB629597B94005A134B /* RXExampleTests */ = {
			isa = PBXNativeTarget;
			buildConfigurationList = 15054ACE29597B94005A134B /* Build configuration list for PBXNativeTarget "RXExampleTests" */;
			buildPhases = (
				B5EC1F0F921C7934D73C8DDC /* [CP] Check Pods Manifest.lock */,
				15054AB329597B94005A134B /* Sources */,
				15054AB429597B94005A134B /* Frameworks */,
				15054AB529597B94005A134B /* Resources */,
				C50C0C8627955BCFB67F70AF /* [CP] Embed Pods Frameworks */,
			);
			buildRules = (
			);
			dependencies = (
				15054AB929597B94005A134B /* PBXTargetDependency */,
			);
			name = RXExampleTests;
			productName = RXExampleTests;
			productReference = 15054AB729597B94005A134B /* RXExampleTests.xctest */;
			productType = "com.apple.product-type.bundle.unit-test";
		};
		15054AC029597B94005A134B /* RXExampleUITests */ = {
			isa = PBXNativeTarget;
			buildConfigurationList = 15054AD129597B94005A134B /* Build configuration list for PBXNativeTarget "RXExampleUITests" */;
			buildPhases = (
				75F25710D4719FD54D96BD59 /* [CP] Check Pods Manifest.lock */,
				15054ABD29597B94005A134B /* Sources */,
				15054ABE29597B94005A134B /* Frameworks */,
				15054ABF29597B94005A134B /* Resources */,
				E5E0650B6A6C6F6BA82AD5AD /* [CP] Embed Pods Frameworks */,
			);
			buildRules = (
			);
			dependencies = (
				15054AC329597B94005A134B /* PBXTargetDependency */,
			);
			name = RXExampleUITests;
			productName = RXExampleUITests;
			productReference = 15054AC129597B94005A134B /* RXExampleUITests.xctest */;
			productType = "com.apple.product-type.bundle.ui-testing";
		};
/* End PBXNativeTarget section */

/* Begin PBXProject section */
		15054A9929597B90005A134B /* Project object */ = {
			isa = PBXProject;
			attributes = {
				BuildIndependentTargetsInParallel = 1;
				LastSwiftUpdateCheck = 1420;
				LastUpgradeCheck = 1420;
				TargetAttributes = {
					15054AA029597B90005A134B = {
						CreatedOnToolsVersion = 14.2;
					};
					15054AB629597B94005A134B = {
						CreatedOnToolsVersion = 14.2;
						TestTargetID = 15054AA029597B90005A134B;
					};
					15054AC029597B94005A134B = {
						CreatedOnToolsVersion = 14.2;
						TestTargetID = 15054AA029597B90005A134B;
					};
				};
			};
			buildConfigurationList = 15054A9C29597B90005A134B /* Build configuration list for PBXProject "RXExample" */;
			compatibilityVersion = "Xcode 14.0";
			developmentRegion = en;
			hasScannedForEncodings = 0;
			knownRegions = (
				en,
				Base,
			);
			mainGroup = 15054A9829597B90005A134B;
			productRefGroup = 15054AA229597B90005A134B /* Products */;
			projectDirPath = "";
			projectRoot = "";
			targets = (
				15054AA029597B90005A134B /* RXExample */,
				15054AB629597B94005A134B /* RXExampleTests */,
				15054AC029597B94005A134B /* RXExampleUITests */,
			);
		};
/* End PBXProject section */

/* Begin PBXResourcesBuildPhase section */
		15054A9F29597B90005A134B /* Resources */ = {
			isa = PBXResourcesBuildPhase;
			buildActionMask = 2147483647;
			files = (
				156B47712A09E9E0004965B7 /* .gitignore in Resources */,
				15054AB129597B94005A134B /* LaunchScreen.storyboard in Resources */,
				152F7DF52ABD45D0003A1EF1 /* IMG_2344.PNG in Resources */,
				152F7DF42ABD45D0003A1EF1 /* IMG_2345.PNG in Resources */,
				15054AAE29597B94005A134B /* Assets.xcassets in Resources */,
				15054AAC29597B90005A134B /* Main.storyboard in Resources */,
			);
			runOnlyForDeploymentPostprocessing = 0;
		};
		15054AB529597B94005A134B /* Resources */ = {
			isa = PBXResourcesBuildPhase;
			buildActionMask = 2147483647;
			files = (
			);
			runOnlyForDeploymentPostprocessing = 0;
		};
		15054ABF29597B94005A134B /* Resources */ = {
			isa = PBXResourcesBuildPhase;
			buildActionMask = 2147483647;
			files = (
			);
			runOnlyForDeploymentPostprocessing = 0;
		};
/* End PBXResourcesBuildPhase section */

/* Begin PBXShellScriptBuildPhase section */
		24FF452F3B7B36607640C98B /* [CP] Check Pods Manifest.lock */ = {
			isa = PBXShellScriptBuildPhase;
			buildActionMask = 2147483647;
			files = (
			);
			inputFileListPaths = (
			);
			inputPaths = (
				"${PODS_PODFILE_DIR_PATH}/Podfile.lock",
				"${PODS_ROOT}/Manifest.lock",
			);
			name = "[CP] Check Pods Manifest.lock";
			outputFileListPaths = (
			);
			outputPaths = (
				"$(DERIVED_FILE_DIR)/Pods-RXExample-checkManifestLockResult.txt",
			);
			runOnlyForDeploymentPostprocessing = 0;
			shellPath = /bin/sh;
			shellScript = "diff \"${PODS_PODFILE_DIR_PATH}/Podfile.lock\" \"${PODS_ROOT}/Manifest.lock\" > /dev/null\nif [ $? != 0 ] ; then\n    # print error to STDERR\n    echo \"error: The sandbox is not in sync with the Podfile.lock. Run 'pod install' or update your CocoaPods installation.\" >&2\n    exit 1\nfi\n# This output is used by Xcode 'outputs' to avoid re-running this script phase.\necho \"SUCCESS\" > \"${SCRIPT_OUTPUT_FILE_0}\"\n";
			showEnvVarsInLog = 0;
		};
		6B89EBC6E75B1578DB5B30B9 /* [CP] Embed Pods Frameworks */ = {
			isa = PBXShellScriptBuildPhase;
			buildActionMask = 2147483647;
			files = (
			);
			inputFileListPaths = (
				"${PODS_ROOT}/Target Support Files/Pods-RXExample/Pods-RXExample-frameworks-${CONFIGURATION}-input-files.xcfilelist",
			);
			name = "[CP] Embed Pods Frameworks";
			outputFileListPaths = (
				"${PODS_ROOT}/Target Support Files/Pods-RXExample/Pods-RXExample-frameworks-${CONFIGURATION}-output-files.xcfilelist",
			);
			runOnlyForDeploymentPostprocessing = 0;
			shellPath = /bin/sh;
			shellScript = "\"${PODS_ROOT}/Target Support Files/Pods-RXExample/Pods-RXExample-frameworks.sh\"\n";
			showEnvVarsInLog = 0;
		};
		75F25710D4719FD54D96BD59 /* [CP] Check Pods Manifest.lock */ = {
			isa = PBXShellScriptBuildPhase;
			buildActionMask = 2147483647;
			files = (
			);
			inputFileListPaths = (
			);
			inputPaths = (
				"${PODS_PODFILE_DIR_PATH}/Podfile.lock",
				"${PODS_ROOT}/Manifest.lock",
			);
			name = "[CP] Check Pods Manifest.lock";
			outputFileListPaths = (
			);
			outputPaths = (
				"$(DERIVED_FILE_DIR)/Pods-RXExample-RXExampleUITests-checkManifestLockResult.txt",
			);
			runOnlyForDeploymentPostprocessing = 0;
			shellPath = /bin/sh;
			shellScript = "diff \"${PODS_PODFILE_DIR_PATH}/Podfile.lock\" \"${PODS_ROOT}/Manifest.lock\" > /dev/null\nif [ $? != 0 ] ; then\n    # print error to STDERR\n    echo \"error: The sandbox is not in sync with the Podfile.lock. Run 'pod install' or update your CocoaPods installation.\" >&2\n    exit 1\nfi\n# This output is used by Xcode 'outputs' to avoid re-running this script phase.\necho \"SUCCESS\" > \"${SCRIPT_OUTPUT_FILE_0}\"\n";
			showEnvVarsInLog = 0;
		};
		B5EC1F0F921C7934D73C8DDC /* [CP] Check Pods Manifest.lock */ = {
			isa = PBXShellScriptBuildPhase;
			buildActionMask = 2147483647;
			files = (
			);
			inputFileListPaths = (
			);
			inputPaths = (
				"${PODS_PODFILE_DIR_PATH}/Podfile.lock",
				"${PODS_ROOT}/Manifest.lock",
			);
			name = "[CP] Check Pods Manifest.lock";
			outputFileListPaths = (
			);
			outputPaths = (
				"$(DERIVED_FILE_DIR)/Pods-RXExampleTests-checkManifestLockResult.txt",
			);
			runOnlyForDeploymentPostprocessing = 0;
			shellPath = /bin/sh;
			shellScript = "diff \"${PODS_PODFILE_DIR_PATH}/Podfile.lock\" \"${PODS_ROOT}/Manifest.lock\" > /dev/null\nif [ $? != 0 ] ; then\n    # print error to STDERR\n    echo \"error: The sandbox is not in sync with the Podfile.lock. Run 'pod install' or update your CocoaPods installation.\" >&2\n    exit 1\nfi\n# This output is used by Xcode 'outputs' to avoid re-running this script phase.\necho \"SUCCESS\" > \"${SCRIPT_OUTPUT_FILE_0}\"\n";
			showEnvVarsInLog = 0;
		};
		C50C0C8627955BCFB67F70AF /* [CP] Embed Pods Frameworks */ = {
			isa = PBXShellScriptBuildPhase;
			buildActionMask = 2147483647;
			files = (
			);
			inputFileListPaths = (
				"${PODS_ROOT}/Target Support Files/Pods-RXExampleTests/Pods-RXExampleTests-frameworks-${CONFIGURATION}-input-files.xcfilelist",
			);
			name = "[CP] Embed Pods Frameworks";
			outputFileListPaths = (
				"${PODS_ROOT}/Target Support Files/Pods-RXExampleTests/Pods-RXExampleTests-frameworks-${CONFIGURATION}-output-files.xcfilelist",
			);
			runOnlyForDeploymentPostprocessing = 0;
			shellPath = /bin/sh;
			shellScript = "\"${PODS_ROOT}/Target Support Files/Pods-RXExampleTests/Pods-RXExampleTests-frameworks.sh\"\n";
			showEnvVarsInLog = 0;
		};
		E5E0650B6A6C6F6BA82AD5AD /* [CP] Embed Pods Frameworks */ = {
			isa = PBXShellScriptBuildPhase;
			buildActionMask = 2147483647;
			files = (
			);
			inputFileListPaths = (
				"${PODS_ROOT}/Target Support Files/Pods-RXExample-RXExampleUITests/Pods-RXExample-RXExampleUITests-frameworks-${CONFIGURATION}-input-files.xcfilelist",
			);
			name = "[CP] Embed Pods Frameworks";
			outputFileListPaths = (
				"${PODS_ROOT}/Target Support Files/Pods-RXExample-RXExampleUITests/Pods-RXExample-RXExampleUITests-frameworks-${CONFIGURATION}-output-files.xcfilelist",
			);
			runOnlyForDeploymentPostprocessing = 0;
			shellPath = /bin/sh;
			shellScript = "\"${PODS_ROOT}/Target Support Files/Pods-RXExample-RXExampleUITests/Pods-RXExample-RXExampleUITests-frameworks.sh\"\n";
			showEnvVarsInLog = 0;
		};
/* End PBXShellScriptBuildPhase section */

/* Begin PBXSourcesBuildPhase section */
		15054A9D29597B90005A134B /* Sources */ = {
			isa = PBXSourcesBuildPhase;
			buildActionMask = 2147483647;
			files = (
				15A5D372295BCD3100CC5A12 /* APIManager.swift in Sources */,
				15A5D378295C264E00CC5A12 /* ErrorType.swift in Sources */,
				158ADD08295AC1A600F1C811 /* SettingsViewController.swift in Sources */,
				15EAF4352D433BFB00BDD74F /* UICollectionViewCell+Animation.swift in Sources */,
				15A5D374295BD3EE00CC5A12 /* EndPointType.swift in Sources */,
				158ADD0D295AD1A200F1C811 /* Colors+Extension.swift in Sources */,
				1594621E2D40E561002940AD /* CharacterListCollectionFlowLayout.swift in Sources */,
				15054AA929597B90005A134B /* MainTabBarViewController.swift in Sources */,
				15EAF4372D436E9D00BDD74F /* String+Extension.swift in Sources */,
				158ADCFF295A8D7700F1C811 /* Character.swift in Sources */,
				15F0D4492D43C1E700538C62 /* TagCollectionCell.swift in Sources */,
				153132E72A03A846000E0D30 /* RMEpisodeResponse.swift in Sources */,
				158ADD06295AC18A00F1C811 /* EpisodesViewController.swift in Sources */,
				15235807295EE0BD00B94EE6 /* UIViewController+Extension.swift in Sources */,
				158ADD02295AC15A00F1C811 /* CharacterListViewController.swift in Sources */,
				153132E12A0398FD000E0D30 /* Methods.swift in Sources */,
				15A5D376295C1F8400CC5A12 /* APIRequest.swift in Sources */,
				15F0D4472D43BFE300538C62 /* CharacterFilterViewController.swift in Sources */,
				153132E32A03998F000E0D30 /* Date+Extension.swift in Sources */,
				152C976C295EBED300B0CBBC /* ViewModel.swift in Sources */,
				15F0D44B2D43C27C00538C62 /* TagCollectionCellViewModel.swift in Sources */,
				156F4BA92988C80900769D8E /* CharacterDetailViewModel.swift in Sources */,
				158ADD0A295ACD2400F1C811 /* BaseViewController.swift in Sources */,
				152C9770295EC9B500B0CBBC /* OtherCharacterTableCell.swift in Sources */,
				158ADD04295AC16B00F1C811 /* LocationViewController.swift in Sources */,
				15EA7FCC2963D8E4009FD67E /* Observable+Extension.swift in Sources */,
				154C302929710BBE007A9A1B /* OtherCharacterTableCellViewModel.swift in Sources */,
				15EAF4392D4374B900BDD74F /* TypeCardView.swift in Sources */,
				158ADD0F295AD78B00F1C811 /* MainNavigationController.swift in Sources */,
				156F4BA72988C6AA00769D8E /* CharacterDetailViewController.swift in Sources */,
				15054AA529597B90005A134B /* AppDelegate.swift in Sources */,
				15F0D44D2D43C58300538C62 /* TypeTag.swift in Sources */,
				15F9324C298903A2006498DC /* CharacterInfo.swift in Sources */,
				152C9766295E800C00B0CBBC /* RMCharacterResponse.swift in Sources */,
				159462212D40EC96002940AD /* AliveCharacterCollectionCell.swift in Sources */,
				15EAF4332D433ACF00BDD74F /* UITableViewCell+Animation.swift in Sources */,
				15EAF4312D432A1900BDD74F /* CircleImageView.swift in Sources */,
				15E0B8AE2D4284240093CCE6 /* AliveCharacterCollectionCellViewModel.swift in Sources */,
				152C9769295EBE3900B0CBBC /* CharacterListViewModel.swift in Sources */,
			);
			runOnlyForDeploymentPostprocessing = 0;
		};
		15054AB329597B94005A134B /* Sources */ = {
			isa = PBXSourcesBuildPhase;
			buildActionMask = 2147483647;
			files = (
				15054ABC29597B94005A134B /* RXExampleTests.swift in Sources */,
			);
			runOnlyForDeploymentPostprocessing = 0;
		};
		15054ABD29597B94005A134B /* Sources */ = {
			isa = PBXSourcesBuildPhase;
			buildActionMask = 2147483647;
			files = (
				15054AC629597B94005A134B /* RXExampleUITests.swift in Sources */,
				15054AC829597B94005A134B /* RXExampleUITestsLaunchTests.swift in Sources */,
			);
			runOnlyForDeploymentPostprocessing = 0;
		};
/* End PBXSourcesBuildPhase section */

/* Begin PBXTargetDependency section */
		15054AB929597B94005A134B /* PBXTargetDependency */ = {
			isa = PBXTargetDependency;
			target = 15054AA029597B90005A134B /* RXExample */;
			targetProxy = 15054AB829597B94005A134B /* PBXContainerItemProxy */;
		};
		15054AC329597B94005A134B /* PBXTargetDependency */ = {
			isa = PBXTargetDependency;
			target = 15054AA029597B90005A134B /* RXExample */;
			targetProxy = 15054AC229597B94005A134B /* PBXContainerItemProxy */;
		};
/* End PBXTargetDependency section */

/* Begin PBXVariantGroup section */
		15054AAA29597B90005A134B /* Main.storyboard */ = {
			isa = PBXVariantGroup;
			children = (
				15054AAB29597B90005A134B /* Base */,
			);
			name = Main.storyboard;
			sourceTree = "<group>";
		};
		15054AAF29597B94005A134B /* LaunchScreen.storyboard */ = {
			isa = PBXVariantGroup;
			children = (
				15054AB029597B94005A134B /* Base */,
			);
			name = LaunchScreen.storyboard;
			sourceTree = "<group>";
		};
/* End PBXVariantGroup section */

/* Begin XCBuildConfiguration section */
		15054AC929597B94005A134B /* Debug */ = {
			isa = XCBuildConfiguration;
			buildSettings = {
				ALWAYS_SEARCH_USER_PATHS = NO;
				CLANG_ANALYZER_NONNULL = YES;
				CLANG_ANALYZER_NUMBER_OBJECT_CONVERSION = YES_AGGRESSIVE;
				CLANG_CXX_LANGUAGE_STANDARD = "gnu++20";
				CLANG_ENABLE_MODULES = YES;
				CLANG_ENABLE_OBJC_ARC = YES;
				CLANG_ENABLE_OBJC_WEAK = YES;
				CLANG_WARN_BLOCK_CAPTURE_AUTORELEASING = YES;
				CLANG_WARN_BOOL_CONVERSION = YES;
				CLANG_WARN_COMMA = YES;
				CLANG_WARN_CONSTANT_CONVERSION = YES;
				CLANG_WARN_DEPRECATED_OBJC_IMPLEMENTATIONS = YES;
				CLANG_WARN_DIRECT_OBJC_ISA_USAGE = YES_ERROR;
				CLANG_WARN_DOCUMENTATION_COMMENTS = YES;
				CLANG_WARN_EMPTY_BODY = YES;
				CLANG_WARN_ENUM_CONVERSION = YES;
				CLANG_WARN_INFINITE_RECURSION = YES;
				CLANG_WARN_INT_CONVERSION = YES;
				CLANG_WARN_NON_LITERAL_NULL_CONVERSION = YES;
				CLANG_WARN_OBJC_IMPLICIT_RETAIN_SELF = YES;
				CLANG_WARN_OBJC_LITERAL_CONVERSION = YES;
				CLANG_WARN_OBJC_ROOT_CLASS = YES_ERROR;
				CLANG_WARN_QUOTED_INCLUDE_IN_FRAMEWORK_HEADER = YES;
				CLANG_WARN_RANGE_LOOP_ANALYSIS = YES;
				CLANG_WARN_STRICT_PROTOTYPES = YES;
				CLANG_WARN_SUSPICIOUS_MOVE = YES;
				CLANG_WARN_UNGUARDED_AVAILABILITY = YES_AGGRESSIVE;
				CLANG_WARN_UNREACHABLE_CODE = YES;
				CLANG_WARN__DUPLICATE_METHOD_MATCH = YES;
				COPY_PHASE_STRIP = NO;
				DEBUG_INFORMATION_FORMAT = dwarf;
				ENABLE_STRICT_OBJC_MSGSEND = YES;
				ENABLE_TESTABILITY = YES;
				GCC_C_LANGUAGE_STANDARD = gnu11;
				GCC_DYNAMIC_NO_PIC = NO;
				GCC_NO_COMMON_BLOCKS = YES;
				GCC_OPTIMIZATION_LEVEL = 0;
				GCC_PREPROCESSOR_DEFINITIONS = (
					"DEBUG=1",
					"$(inherited)",
				);
				GCC_WARN_64_TO_32_BIT_CONVERSION = YES;
				GCC_WARN_ABOUT_RETURN_TYPE = YES_ERROR;
				GCC_WARN_UNDECLARED_SELECTOR = YES;
				GCC_WARN_UNINITIALIZED_AUTOS = YES_AGGRESSIVE;
				GCC_WARN_UNUSED_FUNCTION = YES;
				GCC_WARN_UNUSED_VARIABLE = YES;
				IPHONEOS_DEPLOYMENT_TARGET = 16.2;
				MTL_ENABLE_DEBUG_INFO = INCLUDE_SOURCE;
				MTL_FAST_MATH = YES;
				ONLY_ACTIVE_ARCH = YES;
				SDKROOT = iphoneos;
				SWIFT_ACTIVE_COMPILATION_CONDITIONS = DEBUG;
				SWIFT_OPTIMIZATION_LEVEL = "-Onone";
			};
			name = Debug;
		};
		15054ACA29597B94005A134B /* Release */ = {
			isa = XCBuildConfiguration;
			buildSettings = {
				ALWAYS_SEARCH_USER_PATHS = NO;
				CLANG_ANALYZER_NONNULL = YES;
				CLANG_ANALYZER_NUMBER_OBJECT_CONVERSION = YES_AGGRESSIVE;
				CLANG_CXX_LANGUAGE_STANDARD = "gnu++20";
				CLANG_ENABLE_MODULES = YES;
				CLANG_ENABLE_OBJC_ARC = YES;
				CLANG_ENABLE_OBJC_WEAK = YES;
				CLANG_WARN_BLOCK_CAPTURE_AUTORELEASING = YES;
				CLANG_WARN_BOOL_CONVERSION = YES;
				CLANG_WARN_COMMA = YES;
				CLANG_WARN_CONSTANT_CONVERSION = YES;
				CLANG_WARN_DEPRECATED_OBJC_IMPLEMENTATIONS = YES;
				CLANG_WARN_DIRECT_OBJC_ISA_USAGE = YES_ERROR;
				CLANG_WARN_DOCUMENTATION_COMMENTS = YES;
				CLANG_WARN_EMPTY_BODY = YES;
				CLANG_WARN_ENUM_CONVERSION = YES;
				CLANG_WARN_INFINITE_RECURSION = YES;
				CLANG_WARN_INT_CONVERSION = YES;
				CLANG_WARN_NON_LITERAL_NULL_CONVERSION = YES;
				CLANG_WARN_OBJC_IMPLICIT_RETAIN_SELF = YES;
				CLANG_WARN_OBJC_LITERAL_CONVERSION = YES;
				CLANG_WARN_OBJC_ROOT_CLASS = YES_ERROR;
				CLANG_WARN_QUOTED_INCLUDE_IN_FRAMEWORK_HEADER = YES;
				CLANG_WARN_RANGE_LOOP_ANALYSIS = YES;
				CLANG_WARN_STRICT_PROTOTYPES = YES;
				CLANG_WARN_SUSPICIOUS_MOVE = YES;
				CLANG_WARN_UNGUARDED_AVAILABILITY = YES_AGGRESSIVE;
				CLANG_WARN_UNREACHABLE_CODE = YES;
				CLANG_WARN__DUPLICATE_METHOD_MATCH = YES;
				COPY_PHASE_STRIP = NO;
				DEBUG_INFORMATION_FORMAT = "dwarf-with-dsym";
				ENABLE_NS_ASSERTIONS = NO;
				ENABLE_STRICT_OBJC_MSGSEND = YES;
				GCC_C_LANGUAGE_STANDARD = gnu11;
				GCC_NO_COMMON_BLOCKS = YES;
				GCC_WARN_64_TO_32_BIT_CONVERSION = YES;
				GCC_WARN_ABOUT_RETURN_TYPE = YES_ERROR;
				GCC_WARN_UNDECLARED_SELECTOR = YES;
				GCC_WARN_UNINITIALIZED_AUTOS = YES_AGGRESSIVE;
				GCC_WARN_UNUSED_FUNCTION = YES;
				GCC_WARN_UNUSED_VARIABLE = YES;
				IPHONEOS_DEPLOYMENT_TARGET = 16.2;
				MTL_ENABLE_DEBUG_INFO = NO;
				MTL_FAST_MATH = YES;
				SDKROOT = iphoneos;
				SWIFT_COMPILATION_MODE = wholemodule;
				SWIFT_OPTIMIZATION_LEVEL = "-O";
				VALIDATE_PRODUCT = YES;
			};
			name = Release;
		};
		15054ACC29597B94005A134B /* Debug */ = {
			isa = XCBuildConfiguration;
			baseConfigurationReference = 6F240DD527A1271827C7884E /* Pods-RXExample.debug.xcconfig */;
			buildSettings = {
				ASSETCATALOG_COMPILER_APPICON_NAME = AppIcon;
				ASSETCATALOG_COMPILER_GLOBAL_ACCENT_COLOR_NAME = AccentColor;
				CODE_SIGN_STYLE = Automatic;
				CURRENT_PROJECT_VERSION = 1;
				DEVELOPMENT_TEAM = BZ42Z22U3Y;
				GENERATE_INFOPLIST_FILE = YES;
				INFOPLIST_FILE = RXExample/Info.plist;
				INFOPLIST_KEY_UIApplicationSupportsIndirectInputEvents = YES;
				INFOPLIST_KEY_UILaunchStoryboardName = LaunchScreen;
				INFOPLIST_KEY_UIMainStoryboardFile = "";
				INFOPLIST_KEY_UIRequiresFullScreen = NO;
				INFOPLIST_KEY_UIStatusBarStyle = UIStatusBarStyleLightContent;
				INFOPLIST_KEY_UISupportedInterfaceOrientations = UIInterfaceOrientationPortrait;
				IPHONEOS_DEPLOYMENT_TARGET = 14.0;
				LD_RUNPATH_SEARCH_PATHS = (
					"$(inherited)",
					"@executable_path/Frameworks",
				);
				MARKETING_VERSION = 1.0;
				PRODUCT_BUNDLE_IDENTIFIER = com.daivd.pan.RXExample;
				PRODUCT_NAME = "$(TARGET_NAME)";
				SUPPORTED_PLATFORMS = "iphoneos iphonesimulator";
				SUPPORTS_MACCATALYST = NO;
				SUPPORTS_MAC_DESIGNED_FOR_IPHONE_IPAD = NO;
				SWIFT_EMIT_LOC_STRINGS = YES;
				SWIFT_VERSION = 5.0;
				TARGETED_DEVICE_FAMILY = "1,2";
			};
			name = Debug;
		};
		15054ACD29597B94005A134B /* Release */ = {
			isa = XCBuildConfiguration;
			baseConfigurationReference = 7905C4006A75D56B14FB7586 /* Pods-RXExample.release.xcconfig */;
			buildSettings = {
				ASSETCATALOG_COMPILER_APPICON_NAME = AppIcon;
				ASSETCATALOG_COMPILER_GLOBAL_ACCENT_COLOR_NAME = AccentColor;
				CODE_SIGN_STYLE = Automatic;
				CURRENT_PROJECT_VERSION = 1;
				DEVELOPMENT_TEAM = BZ42Z22U3Y;
				GENERATE_INFOPLIST_FILE = YES;
				INFOPLIST_FILE = RXExample/Info.plist;
				INFOPLIST_KEY_UIApplicationSupportsIndirectInputEvents = YES;
				INFOPLIST_KEY_UILaunchStoryboardName = LaunchScreen;
				INFOPLIST_KEY_UIMainStoryboardFile = "";
				INFOPLIST_KEY_UIRequiresFullScreen = NO;
				INFOPLIST_KEY_UIStatusBarStyle = UIStatusBarStyleLightContent;
				INFOPLIST_KEY_UISupportedInterfaceOrientations = UIInterfaceOrientationPortrait;
				IPHONEOS_DEPLOYMENT_TARGET = 14.0;
				LD_RUNPATH_SEARCH_PATHS = (
					"$(inherited)",
					"@executable_path/Frameworks",
				);
				MARKETING_VERSION = 1.0;
				PRODUCT_BUNDLE_IDENTIFIER = com.daivd.pan.RXExample;
				PRODUCT_NAME = "$(TARGET_NAME)";
				SUPPORTED_PLATFORMS = "iphoneos iphonesimulator";
				SUPPORTS_MACCATALYST = NO;
				SUPPORTS_MAC_DESIGNED_FOR_IPHONE_IPAD = NO;
				SWIFT_EMIT_LOC_STRINGS = YES;
				SWIFT_VERSION = 5.0;
				TARGETED_DEVICE_FAMILY = "1,2";
			};
			name = Release;
		};
		15054ACF29597B94005A134B /* Debug */ = {
			isa = XCBuildConfiguration;
			baseConfigurationReference = 8A0A5BEA00A20C6A9C68B33E /* Pods-RXExampleTests.debug.xcconfig */;
			buildSettings = {
				ALWAYS_EMBED_SWIFT_STANDARD_LIBRARIES = YES;
				BUNDLE_LOADER = "$(TEST_HOST)";
				CODE_SIGN_STYLE = Automatic;
				CURRENT_PROJECT_VERSION = 1;
				DEVELOPMENT_TEAM = BZ42Z22U3Y;
				GENERATE_INFOPLIST_FILE = YES;
				IPHONEOS_DEPLOYMENT_TARGET = 16.2;
				MARKETING_VERSION = 1.0;
				PRODUCT_BUNDLE_IDENTIFIER = com.daivd.pan.RXExampleTests;
				PRODUCT_NAME = "$(TARGET_NAME)";
				SWIFT_EMIT_LOC_STRINGS = NO;
				SWIFT_VERSION = 5.0;
				TARGETED_DEVICE_FAMILY = "1,2";
				TEST_HOST = "$(BUILT_PRODUCTS_DIR)/RXExample.app/$(BUNDLE_EXECUTABLE_FOLDER_PATH)/RXExample";
			};
			name = Debug;
		};
		15054AD029597B94005A134B /* Release */ = {
			isa = XCBuildConfiguration;
			baseConfigurationReference = 2E5584F8817D4E89BF114DCC /* Pods-RXExampleTests.release.xcconfig */;
			buildSettings = {
				ALWAYS_EMBED_SWIFT_STANDARD_LIBRARIES = YES;
				BUNDLE_LOADER = "$(TEST_HOST)";
				CODE_SIGN_STYLE = Automatic;
				CURRENT_PROJECT_VERSION = 1;
				DEVELOPMENT_TEAM = BZ42Z22U3Y;
				GENERATE_INFOPLIST_FILE = YES;
				IPHONEOS_DEPLOYMENT_TARGET = 16.2;
				MARKETING_VERSION = 1.0;
				PRODUCT_BUNDLE_IDENTIFIER = com.daivd.pan.RXExampleTests;
				PRODUCT_NAME = "$(TARGET_NAME)";
				SWIFT_EMIT_LOC_STRINGS = NO;
				SWIFT_VERSION = 5.0;
				TARGETED_DEVICE_FAMILY = "1,2";
				TEST_HOST = "$(BUILT_PRODUCTS_DIR)/RXExample.app/$(BUNDLE_EXECUTABLE_FOLDER_PATH)/RXExample";
			};
			name = Release;
		};
		15054AD229597B94005A134B /* Debug */ = {
			isa = XCBuildConfiguration;
			baseConfigurationReference = 4764EF6AF359B950980AB03B /* Pods-RXExample-RXExampleUITests.debug.xcconfig */;
			buildSettings = {
				ALWAYS_EMBED_SWIFT_STANDARD_LIBRARIES = YES;
				CODE_SIGN_STYLE = Automatic;
				CURRENT_PROJECT_VERSION = 1;
				DEVELOPMENT_TEAM = BZ42Z22U3Y;
				GENERATE_INFOPLIST_FILE = YES;
				MARKETING_VERSION = 1.0;
				PRODUCT_BUNDLE_IDENTIFIER = com.daivd.pan.RXExampleUITests;
				PRODUCT_NAME = "$(TARGET_NAME)";
				SWIFT_EMIT_LOC_STRINGS = NO;
				SWIFT_VERSION = 5.0;
				TARGETED_DEVICE_FAMILY = "1,2";
				TEST_TARGET_NAME = RXExample;
			};
			name = Debug;
		};
		15054AD329597B94005A134B /* Release */ = {
			isa = XCBuildConfiguration;
			baseConfigurationReference = E0345054353996CE8E1F851B /* Pods-RXExample-RXExampleUITests.release.xcconfig */;
			buildSettings = {
				ALWAYS_EMBED_SWIFT_STANDARD_LIBRARIES = YES;
				CODE_SIGN_STYLE = Automatic;
				CURRENT_PROJECT_VERSION = 1;
				DEVELOPMENT_TEAM = BZ42Z22U3Y;
				GENERATE_INFOPLIST_FILE = YES;
				MARKETING_VERSION = 1.0;
				PRODUCT_BUNDLE_IDENTIFIER = com.daivd.pan.RXExampleUITests;
				PRODUCT_NAME = "$(TARGET_NAME)";
				SWIFT_EMIT_LOC_STRINGS = NO;
				SWIFT_VERSION = 5.0;
				TARGETED_DEVICE_FAMILY = "1,2";
				TEST_TARGET_NAME = RXExample;
			};
			name = Release;
		};
/* End XCBuildConfiguration section */

/* Begin XCConfigurationList section */
		15054A9C29597B90005A134B /* Build configuration list for PBXProject "RXExample" */ = {
			isa = XCConfigurationList;
			buildConfigurations = (
				15054AC929597B94005A134B /* Debug */,
				15054ACA29597B94005A134B /* Release */,
			);
			defaultConfigurationIsVisible = 0;
			defaultConfigurationName = Release;
		};
		15054ACB29597B94005A134B /* Build configuration list for PBXNativeTarget "RXExample" */ = {
			isa = XCConfigurationList;
			buildConfigurations = (
				15054ACC29597B94005A134B /* Debug */,
				15054ACD29597B94005A134B /* Release */,
			);
			defaultConfigurationIsVisible = 0;
			defaultConfigurationName = Release;
		};
		15054ACE29597B94005A134B /* Build configuration list for PBXNativeTarget "RXExampleTests" */ = {
			isa = XCConfigurationList;
			buildConfigurations = (
				15054ACF29597B94005A134B /* Debug */,
				15054AD029597B94005A134B /* Release */,
			);
			defaultConfigurationIsVisible = 0;
			defaultConfigurationName = Release;
		};
		15054AD129597B94005A134B /* Build configuration list for PBXNativeTarget "RXExampleUITests" */ = {
			isa = XCConfigurationList;
			buildConfigurations = (
				15054AD229597B94005A134B /* Debug */,
				15054AD329597B94005A134B /* Release */,
			);
			defaultConfigurationIsVisible = 0;
			defaultConfigurationName = Release;
		};
/* End XCConfigurationList section */
	};
	rootObject = 15054A9929597B90005A134B /* Project object */;
}
